// !$*UTF8*$!
{
	archiveVersion = 1;
	classes = {
	};
	objectVersion = 56;
	objects = {

/* Begin PBXBuildFile section */
		7862116E2BBABC98000AE22E /* AppDelegate.swift in Sources */ = {isa = PBXBuildFile; fileRef = 7862116D2BBABC98000AE22E /* AppDelegate.swift */; };
		786211702BBABC98000AE22E /* SceneDelegate.swift in Sources */ = {isa = PBXBuildFile; fileRef = 7862116F2BBABC98000AE22E /* SceneDelegate.swift */; };
		786211722BBABC98000AE22E /* ViewController.swift in Sources */ = {isa = PBXBuildFile; fileRef = 786211712BBABC98000AE22E /* ViewController.swift */; };
		786211772BBABC99000AE22E /* Assets.xcassets in Resources */ = {isa = PBXBuildFile; fileRef = 786211762BBABC99000AE22E /* Assets.xcassets */; };
		7862117A2BBABC99000AE22E /* LaunchScreen.storyboard in Resources */ = {isa = PBXBuildFile; fileRef = 786211782BBABC99000AE22E /* LaunchScreen.storyboard */; };
		786211822BBABCAA000AE22E /* LoginViewController.swift in Sources */ = {isa = PBXBuildFile; fileRef = 786211812BBABCAA000AE22E /* LoginViewController.swift */; };
		786211842BBABCB9000AE22E /* WelcomeViewController.swift in Sources */ = {isa = PBXBuildFile; fileRef = 786211832BBABCB9000AE22E /* WelcomeViewController.swift */; };
		7862119A2BBABE7C000AE22E /* Pretendard-Light.otf in Resources */ = {isa = PBXBuildFile; fileRef = 786211912BBABE7C000AE22E /* Pretendard-Light.otf */; };
		7862119B2BBABE7C000AE22E /* Pretendard-ExtraBold.otf in Resources */ = {isa = PBXBuildFile; fileRef = 786211922BBABE7C000AE22E /* Pretendard-ExtraBold.otf */; };
		7862119C2BBABE7C000AE22E /* Pretendard-ExtraLight.otf in Resources */ = {isa = PBXBuildFile; fileRef = 786211932BBABE7C000AE22E /* Pretendard-ExtraLight.otf */; };
		7862119D2BBABE7C000AE22E /* Pretendard-Medium.otf in Resources */ = {isa = PBXBuildFile; fileRef = 786211942BBABE7C000AE22E /* Pretendard-Medium.otf */; };
		7862119E2BBABE7C000AE22E /* Pretendard-Thin.otf in Resources */ = {isa = PBXBuildFile; fileRef = 786211952BBABE7C000AE22E /* Pretendard-Thin.otf */; };
		7862119F2BBABE7C000AE22E /* Pretendard-Regular.otf in Resources */ = {isa = PBXBuildFile; fileRef = 786211962BBABE7C000AE22E /* Pretendard-Regular.otf */; };
		786211A02BBABE7C000AE22E /* Pretendard-SemiBold.otf in Resources */ = {isa = PBXBuildFile; fileRef = 786211972BBABE7C000AE22E /* Pretendard-SemiBold.otf */; };
		786211A12BBABE7C000AE22E /* Pretendard-Black.otf in Resources */ = {isa = PBXBuildFile; fileRef = 786211982BBABE7C000AE22E /* Pretendard-Black.otf */; };
		786211A22BBABE7C000AE22E /* Pretendard-Bold.otf in Resources */ = {isa = PBXBuildFile; fileRef = 786211992BBABE7C000AE22E /* Pretendard-Bold.otf */; };
		786211A52BC1146B000AE22E /* LoginViewController_delegatePattern.swift in Sources */ = {isa = PBXBuildFile; fileRef = 786211A42BC1146B000AE22E /* LoginViewController_delegatePattern.swift */; };
		786211A72BC1148E000AE22E /* WelcomeViewController_delegatePattern.swift in Sources */ = {isa = PBXBuildFile; fileRef = 786211A62BC1148E000AE22E /* WelcomeViewController_delegatePattern.swift */; };
		786211AB2BC11B73000AE22E /* LoginViewController_ClosurePattern.swift in Sources */ = {isa = PBXBuildFile; fileRef = 786211AA2BC11B73000AE22E /* LoginViewController_ClosurePattern.swift */; };
		786211AD2BC11B78000AE22E /* WelcomeViewController_ClosurePattern.swift in Sources */ = {isa = PBXBuildFile; fileRef = 786211AC2BC11B78000AE22E /* WelcomeViewController_ClosurePattern.swift */; };
		786211BE2BC12BE0000AE22E /* SnapKit in Frameworks */ = {isa = PBXBuildFile; productRef = 786211BD2BC12BE0000AE22E /* SnapKit */; };
		786211C02BC12BE0000AE22E /* SnapKit-Dynamic in Frameworks */ = {isa = PBXBuildFile; productRef = 786211BF2BC12BE0000AE22E /* SnapKit-Dynamic */; };
		786211C22BC13249000AE22E /* ScrollViewController.swift in Sources */ = {isa = PBXBuildFile; fileRef = 786211C12BC13249000AE22E /* ScrollViewController.swift */; };
/* End PBXBuildFile section */

/* Begin PBXFileReference section */
		7862116A2BBABC98000AE22E /* Semina.app */ = {isa = PBXFileReference; explicitFileType = wrapper.application; includeInIndex = 0; path = Semina.app; sourceTree = BUILT_PRODUCTS_DIR; };
		7862116D2BBABC98000AE22E /* AppDelegate.swift */ = {isa = PBXFileReference; lastKnownFileType = sourcecode.swift; path = AppDelegate.swift; sourceTree = "<group>"; };
		7862116F2BBABC98000AE22E /* SceneDelegate.swift */ = {isa = PBXFileReference; lastKnownFileType = sourcecode.swift; path = SceneDelegate.swift; sourceTree = "<group>"; };
		786211712BBABC98000AE22E /* ViewController.swift */ = {isa = PBXFileReference; lastKnownFileType = sourcecode.swift; path = ViewController.swift; sourceTree = "<group>"; };
		786211762BBABC99000AE22E /* Assets.xcassets */ = {isa = PBXFileReference; lastKnownFileType = folder.assetcatalog; path = Assets.xcassets; sourceTree = "<group>"; };
		786211792BBABC99000AE22E /* Base */ = {isa = PBXFileReference; lastKnownFileType = file.storyboard; name = Base; path = Base.lproj/LaunchScreen.storyboard; sourceTree = "<group>"; };
		7862117B2BBABC99000AE22E /* Info.plist */ = {isa = PBXFileReference; lastKnownFileType = text.plist.xml; path = Info.plist; sourceTree = "<group>"; };
		786211812BBABCAA000AE22E /* LoginViewController.swift */ = {isa = PBXFileReference; lastKnownFileType = sourcecode.swift; path = LoginViewController.swift; sourceTree = "<group>"; };
		786211832BBABCB9000AE22E /* WelcomeViewController.swift */ = {isa = PBXFileReference; lastKnownFileType = sourcecode.swift; path = WelcomeViewController.swift; sourceTree = "<group>"; };
		786211912BBABE7C000AE22E /* Pretendard-Light.otf */ = {isa = PBXFileReference; lastKnownFileType = file; path = "Pretendard-Light.otf"; sourceTree = "<group>"; };
		786211922BBABE7C000AE22E /* Pretendard-ExtraBold.otf */ = {isa = PBXFileReference; lastKnownFileType = file; path = "Pretendard-ExtraBold.otf"; sourceTree = "<group>"; };
		786211932BBABE7C000AE22E /* Pretendard-ExtraLight.otf */ = {isa = PBXFileReference; lastKnownFileType = file; path = "Pretendard-ExtraLight.otf"; sourceTree = "<group>"; };
		786211942BBABE7C000AE22E /* Pretendard-Medium.otf */ = {isa = PBXFileReference; lastKnownFileType = file; path = "Pretendard-Medium.otf"; sourceTree = "<group>"; };
		786211952BBABE7C000AE22E /* Pretendard-Thin.otf */ = {isa = PBXFileReference; lastKnownFileType = file; path = "Pretendard-Thin.otf"; sourceTree = "<group>"; };
		786211962BBABE7C000AE22E /* Pretendard-Regular.otf */ = {isa = PBXFileReference; lastKnownFileType = file; path = "Pretendard-Regular.otf"; sourceTree = "<group>"; };
		786211972BBABE7C000AE22E /* Pretendard-SemiBold.otf */ = {isa = PBXFileReference; lastKnownFileType = file; path = "Pretendard-SemiBold.otf"; sourceTree = "<group>"; };
		786211982BBABE7C000AE22E /* Pretendard-Black.otf */ = {isa = PBXFileReference; lastKnownFileType = file; path = "Pretendard-Black.otf"; sourceTree = "<group>"; };
		786211992BBABE7C000AE22E /* Pretendard-Bold.otf */ = {isa = PBXFileReference; lastKnownFileType = file; path = "Pretendard-Bold.otf"; sourceTree = "<group>"; };
		786211A42BC1146B000AE22E /* LoginViewController_delegatePattern.swift */ = {isa = PBXFileReference; lastKnownFileType = sourcecode.swift; path = LoginViewController_delegatePattern.swift; sourceTree = "<group>"; };
		786211A62BC1148E000AE22E /* WelcomeViewController_delegatePattern.swift */ = {isa = PBXFileReference; lastKnownFileType = sourcecode.swift; path = WelcomeViewController_delegatePattern.swift; sourceTree = "<group>"; };
		786211AA2BC11B73000AE22E /* LoginViewController_ClosurePattern.swift */ = {isa = PBXFileReference; lastKnownFileType = sourcecode.swift; path = LoginViewController_ClosurePattern.swift; sourceTree = "<group>"; };
		786211AC2BC11B78000AE22E /* WelcomeViewController_ClosurePattern.swift */ = {isa = PBXFileReference; lastKnownFileType = sourcecode.swift; path = WelcomeViewController_ClosurePattern.swift; sourceTree = "<group>"; };
		786211C12BC13249000AE22E /* ScrollViewController.swift */ = {isa = PBXFileReference; lastKnownFileType = sourcecode.swift; path = ScrollViewController.swift; sourceTree = "<group>"; };
/* End PBXFileReference section */

/* Begin PBXFrameworksBuildPhase section */
		786211672BBABC98000AE22E /* Frameworks */ = {
			isa = PBXFrameworksBuildPhase;
			buildActionMask = 2147483647;
			files = (
				786211BE2BC12BE0000AE22E /* SnapKit in Frameworks */,
				786211C02BC12BE0000AE22E /* SnapKit-Dynamic in Frameworks */,
			);
			runOnlyForDeploymentPostprocessing = 0;
		};
/* End PBXFrameworksBuildPhase section */

/* Begin PBXGroup section */
		786211612BBABC98000AE22E = {
			isa = PBXGroup;
			children = (
				7862116C2BBABC98000AE22E /* Semina */,
				7862116B2BBABC98000AE22E /* Products */,
			);
			sourceTree = "<group>";
		};
		7862116B2BBABC98000AE22E /* Products */ = {
			isa = PBXGroup;
			children = (
				7862116A2BBABC98000AE22E /* Semina.app */,
			);
			name = Products;
			sourceTree = "<group>";
		};
		7862116C2BBABC98000AE22E /* Semina */ = {
			isa = PBXGroup;
			children = (
				78BAE8272BD388790013CACE /* 3rdSeminar */,
				786211A32BC11454000AE22E /* 2ndSemina */,
				786211852BBABE50000AE22E /* Font */,
				7862116D2BBABC98000AE22E /* AppDelegate.swift */,
				7862116F2BBABC98000AE22E /* SceneDelegate.swift */,
				786211712BBABC98000AE22E /* ViewController.swift */,
				786211812BBABCAA000AE22E /* LoginViewController.swift */,
				786211832BBABCB9000AE22E /* WelcomeViewController.swift */,
				786211762BBABC99000AE22E /* Assets.xcassets */,
				786211782BBABC99000AE22E /* LaunchScreen.storyboard */,
				7862117B2BBABC99000AE22E /* Info.plist */,
			);
			path = Semina;
			sourceTree = "<group>";
		};
		786211852BBABE50000AE22E /* Font */ = {
			isa = PBXGroup;
			children = (
				786211982BBABE7C000AE22E /* Pretendard-Black.otf */,
				786211992BBABE7C000AE22E /* Pretendard-Bold.otf */,
				786211922BBABE7C000AE22E /* Pretendard-ExtraBold.otf */,
				786211932BBABE7C000AE22E /* Pretendard-ExtraLight.otf */,
				786211912BBABE7C000AE22E /* Pretendard-Light.otf */,
				786211942BBABE7C000AE22E /* Pretendard-Medium.otf */,
				786211962BBABE7C000AE22E /* Pretendard-Regular.otf */,
				786211972BBABE7C000AE22E /* Pretendard-SemiBold.otf */,
				786211952BBABE7C000AE22E /* Pretendard-Thin.otf */,
			);
			name = Font;
			sourceTree = "<group>";
		};
		786211A32BC11454000AE22E /* 2ndSemina */ = {
			isa = PBXGroup;
			children = (
				786211A92BC11B66000AE22E /* Closure */,
				786211A82BC11B59000AE22E /* delegatge */,
			);
			name = 2ndSemina;
			sourceTree = "<group>";
		};
		786211A82BC11B59000AE22E /* delegatge */ = {
			isa = PBXGroup;
			children = (
				786211C12BC13249000AE22E /* ScrollViewController.swift */,
				786211A42BC1146B000AE22E /* LoginViewController_delegatePattern.swift */,
				786211A62BC1148E000AE22E /* WelcomeViewController_delegatePattern.swift */,
			);
			name = delegatge;
			sourceTree = "<group>";
		};
		786211A92BC11B66000AE22E /* Closure */ = {
			isa = PBXGroup;
			children = (
				786211AA2BC11B73000AE22E /* LoginViewController_ClosurePattern.swift */,
				786211AC2BC11B78000AE22E /* WelcomeViewController_ClosurePattern.swift */,
			);
			name = Closure;
			sourceTree = "<group>";
		};
		78BAE8272BD388790013CACE /* 3rdSeminar */ = {
			isa = PBXGroup;
			children = (
			);
			name = 3rdSeminar;
			sourceTree = "<group>";
		};
/* End PBXGroup section */

/* Begin PBXNativeTarget section */
		786211692BBABC98000AE22E /* Semina */ = {
			isa = PBXNativeTarget;
			buildConfigurationList = 7862117E2BBABC99000AE22E /* Build configuration list for PBXNativeTarget "Semina" */;
			buildPhases = (
				786211662BBABC98000AE22E /* Sources */,
				786211672BBABC98000AE22E /* Frameworks */,
				786211682BBABC98000AE22E /* Resources */,
			);
			buildRules = (
			);
			dependencies = (
			);
			name = Semina;
			packageProductDependencies = (
				786211BD2BC12BE0000AE22E /* SnapKit */,
				786211BF2BC12BE0000AE22E /* SnapKit-Dynamic */,
			);
			productName = Semina;
			productReference = 7862116A2BBABC98000AE22E /* Semina.app */;
			productType = "com.apple.product-type.application";
		};
/* End PBXNativeTarget section */

/* Begin PBXProject section */
		786211622BBABC98000AE22E /* Project object */ = {
			isa = PBXProject;
			attributes = {
				BuildIndependentTargetsInParallel = 1;
				LastSwiftUpdateCheck = 1510;
				LastUpgradeCheck = 1510;
				TargetAttributes = {
					786211692BBABC98000AE22E = {
						CreatedOnToolsVersion = 15.1;
					};
				};
			};
			buildConfigurationList = 786211652BBABC98000AE22E /* Build configuration list for PBXProject "Semina" */;
			compatibilityVersion = "Xcode 14.0";
			developmentRegion = en;
			hasScannedForEncodings = 0;
			knownRegions = (
				en,
				Base,
			);
			mainGroup = 786211612BBABC98000AE22E;
			packageReferences = (
				786211BC2BC12BE0000AE22E /* XCRemoteSwiftPackageReference "SnapKit" */,
			);
			productRefGroup = 7862116B2BBABC98000AE22E /* Products */;
			projectDirPath = "";
			projectRoot = "";
			targets = (
				786211692BBABC98000AE22E /* Semina */,
			);
		};
/* End PBXProject section */

/* Begin PBXResourcesBuildPhase section */
		786211682BBABC98000AE22E /* Resources */ = {
			isa = PBXResourcesBuildPhase;
			buildActionMask = 2147483647;
			files = (
				786211A22BBABE7C000AE22E /* Pretendard-Bold.otf in Resources */,
				7862117A2BBABC99000AE22E /* LaunchScreen.storyboard in Resources */,
				786211772BBABC99000AE22E /* Assets.xcassets in Resources */,
				7862119E2BBABE7C000AE22E /* Pretendard-Thin.otf in Resources */,
				7862119C2BBABE7C000AE22E /* Pretendard-ExtraLight.otf in Resources */,
				786211A12BBABE7C000AE22E /* Pretendard-Black.otf in Resources */,
				7862119B2BBABE7C000AE22E /* Pretendard-ExtraBold.otf in Resources */,
				7862119F2BBABE7C000AE22E /* Pretendard-Regular.otf in Resources */,
				786211A02BBABE7C000AE22E /* Pretendard-SemiBold.otf in Resources */,
				7862119A2BBABE7C000AE22E /* Pretendard-Light.otf in Resources */,
				7862119D2BBABE7C000AE22E /* Pretendard-Medium.otf in Resources */,
			);
			runOnlyForDeploymentPostprocessing = 0;
		};
/* End PBXResourcesBuildPhase section */

/* Begin PBXSourcesBuildPhase section */
		786211662BBABC98000AE22E /* Sources */ = {
			isa = PBXSourcesBuildPhase;
			buildActionMask = 2147483647;
			files = (
				786211AD2BC11B78000AE22E /* WelcomeViewController_ClosurePattern.swift in Sources */,
				786211A72BC1148E000AE22E /* WelcomeViewController_delegatePattern.swift in Sources */,
				786211842BBABCB9000AE22E /* WelcomeViewController.swift in Sources */,
				786211722BBABC98000AE22E /* ViewController.swift in Sources */,
				786211822BBABCAA000AE22E /* LoginViewController.swift in Sources */,
				786211AB2BC11B73000AE22E /* LoginViewController_ClosurePattern.swift in Sources */,
				786211A52BC1146B000AE22E /* LoginViewController_delegatePattern.swift in Sources */,
				786211C22BC13249000AE22E /* ScrollViewController.swift in Sources */,
				7862116E2BBABC98000AE22E /* AppDelegate.swift in Sources */,
				786211702BBABC98000AE22E /* SceneDelegate.swift in Sources */,
			);
			runOnlyForDeploymentPostprocessing = 0;
		};
/* End PBXSourcesBuildPhase section */

/* Begin PBXVariantGroup section */
		786211782BBABC99000AE22E /* LaunchScreen.storyboard */ = {
			isa = PBXVariantGroup;
			children = (
				786211792BBABC99000AE22E /* Base */,
			);
			name = LaunchScreen.storyboard;
			sourceTree = "<group>";
		};
/* End PBXVariantGroup section */

/* Begin XCBuildConfiguration section */
		7862117C2BBABC99000AE22E /* Debug */ = {
			isa = XCBuildConfiguration;
			buildSettings = {
				ALWAYS_SEARCH_USER_PATHS = NO;
				ASSETCATALOG_COMPILER_GENERATE_SWIFT_ASSET_SYMBOL_EXTENSIONS = YES;
				CLANG_ANALYZER_NONNULL = YES;
				CLANG_ANALYZER_NUMBER_OBJECT_CONVERSION = YES_AGGRESSIVE;
				CLANG_CXX_LANGUAGE_STANDARD = "gnu++20";
				CLANG_ENABLE_MODULES = YES;
				CLANG_ENABLE_OBJC_ARC = YES;
				CLANG_ENABLE_OBJC_WEAK = YES;
				CLANG_WARN_BLOCK_CAPTURE_AUTORELEASING = YES;
				CLANG_WARN_BOOL_CONVERSION = YES;
				CLANG_WARN_COMMA = YES;
				CLANG_WARN_CONSTANT_CONVERSION = YES;
				CLANG_WARN_DEPRECATED_OBJC_IMPLEMENTATIONS = YES;
				CLANG_WARN_DIRECT_OBJC_ISA_USAGE = YES_ERROR;
				CLANG_WARN_DOCUMENTATION_COMMENTS = YES;
				CLANG_WARN_EMPTY_BODY = YES;
				CLANG_WARN_ENUM_CONVERSION = YES;
				CLANG_WARN_INFINITE_RECURSION = YES;
				CLANG_WARN_INT_CONVERSION = YES;
				CLANG_WARN_NON_LITERAL_NULL_CONVERSION = YES;
				CLANG_WARN_OBJC_IMPLICIT_RETAIN_SELF = YES;
				CLANG_WARN_OBJC_LITERAL_CONVERSION = YES;
				CLANG_WARN_OBJC_ROOT_CLASS = YES_ERROR;
				CLANG_WARN_QUOTED_INCLUDE_IN_FRAMEWORK_HEADER = YES;
				CLANG_WARN_RANGE_LOOP_ANALYSIS = YES;
				CLANG_WARN_STRICT_PROTOTYPES = YES;
				CLANG_WARN_SUSPICIOUS_MOVE = YES;
				CLANG_WARN_UNGUARDED_AVAILABILITY = YES_AGGRESSIVE;
				CLANG_WARN_UNREACHABLE_CODE = YES;
				CLANG_WARN__DUPLICATE_METHOD_MATCH = YES;
				COPY_PHASE_STRIP = NO;
				DEBUG_INFORMATION_FORMAT = dwarf;
				ENABLE_STRICT_OBJC_MSGSEND = YES;
				ENABLE_TESTABILITY = YES;
				ENABLE_USER_SCRIPT_SANDBOXING = YES;
				GCC_C_LANGUAGE_STANDARD = gnu17;
				GCC_DYNAMIC_NO_PIC = NO;
				GCC_NO_COMMON_BLOCKS = YES;
				GCC_OPTIMIZATION_LEVEL = 0;
				GCC_PREPROCESSOR_DEFINITIONS = (
					"DEBUG=1",
					"$(inherited)",
				);
				GCC_WARN_64_TO_32_BIT_CONVERSION = YES;
				GCC_WARN_ABOUT_RETURN_TYPE = YES_ERROR;
				GCC_WARN_UNDECLARED_SELECTOR = YES;
				GCC_WARN_UNINITIALIZED_AUTOS = YES_AGGRESSIVE;
				GCC_WARN_UNUSED_FUNCTION = YES;
				GCC_WARN_UNUSED_VARIABLE = YES;
				IPHONEOS_DEPLOYMENT_TARGET = 17.2;
				LOCALIZATION_PREFERS_STRING_CATALOGS = YES;
				MTL_ENABLE_DEBUG_INFO = INCLUDE_SOURCE;
				MTL_FAST_MATH = YES;
				ONLY_ACTIVE_ARCH = YES;
				SDKROOT = iphoneos;
				SWIFT_ACTIVE_COMPILATION_CONDITIONS = "DEBUG $(inherited)";
				SWIFT_OPTIMIZATION_LEVEL = "-Onone";
			};
			name = Debug;
		};
		7862117D2BBABC99000AE22E /* Release */ = {
			isa = XCBuildConfiguration;
			buildSettings = {
				ALWAYS_SEARCH_USER_PATHS = NO;
				ASSETCATALOG_COMPILER_GENERATE_SWIFT_ASSET_SYMBOL_EXTENSIONS = YES;
				CLANG_ANALYZER_NONNULL = YES;
				CLANG_ANALYZER_NUMBER_OBJECT_CONVERSION = YES_AGGRESSIVE;
				CLANG_CXX_LANGUAGE_STANDARD = "gnu++20";
				CLANG_ENABLE_MODULES = YES;
				CLANG_ENABLE_OBJC_ARC = YES;
				CLANG_ENABLE_OBJC_WEAK = YES;
				CLANG_WARN_BLOCK_CAPTURE_AUTORELEASING = YES;
				CLANG_WARN_BOOL_CONVERSION = YES;
				CLANG_WARN_COMMA = YES;
				CLANG_WARN_CONSTANT_CONVERSION = YES;
				CLANG_WARN_DEPRECATED_OBJC_IMPLEMENTATIONS = YES;
				CLANG_WARN_DIRECT_OBJC_ISA_USAGE = YES_ERROR;
				CLANG_WARN_DOCUMENTATION_COMMENTS = YES;
				CLANG_WARN_EMPTY_BODY = YES;
				CLANG_WARN_ENUM_CONVERSION = YES;
				CLANG_WARN_INFINITE_RECURSION = YES;
				CLANG_WARN_INT_CONVERSION = YES;
				CLANG_WARN_NON_LITERAL_NULL_CONVERSION = YES;
				CLANG_WARN_OBJC_IMPLICIT_RETAIN_SELF = YES;
				CLANG_WARN_OBJC_LITERAL_CONVERSION = YES;
				CLANG_WARN_OBJC_ROOT_CLASS = YES_ERROR;
				CLANG_WARN_QUOTED_INCLUDE_IN_FRAMEWORK_HEADER = YES;
				CLANG_WARN_RANGE_LOOP_ANALYSIS = YES;
				CLANG_WARN_STRICT_PROTOTYPES = YES;
				CLANG_WARN_SUSPICIOUS_MOVE = YES;
				CLANG_WARN_UNGUARDED_AVAILABILITY = YES_AGGRESSIVE;
				CLANG_WARN_UNREACHABLE_CODE = YES;
				CLANG_WARN__DUPLICATE_METHOD_MATCH = YES;
				COPY_PHASE_STRIP = NO;
				DEBUG_INFORMATION_FORMAT = "dwarf-with-dsym";
				ENABLE_NS_ASSERTIONS = NO;
				ENABLE_STRICT_OBJC_MSGSEND = YES;
				ENABLE_USER_SCRIPT_SANDBOXING = YES;
				GCC_C_LANGUAGE_STANDARD = gnu17;
				GCC_NO_COMMON_BLOCKS = YES;
				GCC_WARN_64_TO_32_BIT_CONVERSION = YES;
				GCC_WARN_ABOUT_RETURN_TYPE = YES_ERROR;
				GCC_WARN_UNDECLARED_SELECTOR = YES;
				GCC_WARN_UNINITIALIZED_AUTOS = YES_AGGRESSIVE;
				GCC_WARN_UNUSED_FUNCTION = YES;
				GCC_WARN_UNUSED_VARIABLE = YES;
				IPHONEOS_DEPLOYMENT_TARGET = 17.2;
				LOCALIZATION_PREFERS_STRING_CATALOGS = YES;
				MTL_ENABLE_DEBUG_INFO = NO;
				MTL_FAST_MATH = YES;
				SDKROOT = iphoneos;
				SWIFT_COMPILATION_MODE = wholemodule;
				VALIDATE_PRODUCT = YES;
			};
			name = Release;
		};
		7862117F2BBABC99000AE22E /* Debug */ = {
			isa = XCBuildConfiguration;
			buildSettings = {
				ASSETCATALOG_COMPILER_APPICON_NAME = AppIcon;
				ASSETCATALOG_COMPILER_GLOBAL_ACCENT_COLOR_NAME = AccentColor;
				CODE_SIGN_STYLE = Automatic;
				CURRENT_PROJECT_VERSION = 1;
				DEVELOPMENT_TEAM = D2DRA3F792;
				GENERATE_INFOPLIST_FILE = YES;
				INFOPLIST_FILE = Semina/Info.plist;
				INFOPLIST_KEY_UIApplicationSupportsIndirectInputEvents = YES;
				INFOPLIST_KEY_UILaunchStoryboardName = LaunchScreen;
				INFOPLIST_KEY_UISupportedInterfaceOrientations_iPad = "UIInterfaceOrientationPortrait UIInterfaceOrientationPortraitUpsideDown UIInterfaceOrientationLandscapeLeft UIInterfaceOrientationLandscapeRight";
				INFOPLIST_KEY_UISupportedInterfaceOrientations_iPhone = "UIInterfaceOrientationPortrait UIInterfaceOrientationLandscapeLeft UIInterfaceOrientationLandscapeRight";
				IPHONEOS_DEPLOYMENT_TARGET = 15.0;
				LD_RUNPATH_SEARCH_PATHS = (
					"$(inherited)",
					"@executable_path/Frameworks",
				);
				MARKETING_VERSION = 1.0;
				PRODUCT_BUNDLE_IDENTIFIER = yizihoon.Semina;
				PRODUCT_NAME = "$(TARGET_NAME)";
				SWIFT_EMIT_LOC_STRINGS = YES;
				SWIFT_VERSION = 5.0;
				TARGETED_DEVICE_FAMILY = "1,2";
			};
			name = Debug;
		};
		786211802BBABC99000AE22E /* Release */ = {
			isa = XCBuildConfiguration;
			buildSettings = {
				ASSETCATALOG_COMPILER_APPICON_NAME = AppIcon;
				ASSETCATALOG_COMPILER_GLOBAL_ACCENT_COLOR_NAME = AccentColor;
				CODE_SIGN_STYLE = Automatic;
				CURRENT_PROJECT_VERSION = 1;
				DEVELOPMENT_TEAM = D2DRA3F792;
				GENERATE_INFOPLIST_FILE = YES;
				INFOPLIST_FILE = Semina/Info.plist;
				INFOPLIST_KEY_UIApplicationSupportsIndirectInputEvents = YES;
				INFOPLIST_KEY_UILaunchStoryboardName = LaunchScreen;
				INFOPLIST_KEY_UISupportedInterfaceOrientations_iPad = "UIInterfaceOrientationPortrait UIInterfaceOrientationPortraitUpsideDown UIInterfaceOrientationLandscapeLeft UIInterfaceOrientationLandscapeRight";
				INFOPLIST_KEY_UISupportedInterfaceOrientations_iPhone = "UIInterfaceOrientationPortrait UIInterfaceOrientationLandscapeLeft UIInterfaceOrientationLandscapeRight";
				IPHONEOS_DEPLOYMENT_TARGET = 15.0;
				LD_RUNPATH_SEARCH_PATHS = (
					"$(inherited)",
					"@executable_path/Frameworks",
				);
				MARKETING_VERSION = 1.0;
				PRODUCT_BUNDLE_IDENTIFIER = yizihoon.Semina;
				PRODUCT_NAME = "$(TARGET_NAME)";
				SWIFT_EMIT_LOC_STRINGS = YES;
				SWIFT_VERSION = 5.0;
				TARGETED_DEVICE_FAMILY = "1,2";
			};
			name = Release;
		};
/* End XCBuildConfiguration section */

/* Begin XCConfigurationList section */
		786211652BBABC98000AE22E /* Build configuration list for PBXProject "Semina" */ = {
			isa = XCConfigurationList;
			buildConfigurations = (
				7862117C2BBABC99000AE22E /* Debug */,
				7862117D2BBABC99000AE22E /* Release */,
			);
			defaultConfigurationIsVisible = 0;
			defaultConfigurationName = Release;
		};
		7862117E2BBABC99000AE22E /* Build configuration list for PBXNativeTarget "Semina" */ = {
			isa = XCConfigurationList;
			buildConfigurations = (
				7862117F2BBABC99000AE22E /* Debug */,
				786211802BBABC99000AE22E /* Release */,
			);
			defaultConfigurationIsVisible = 0;
			defaultConfigurationName = Release;
		};
/* End XCConfigurationList section */

/* Begin XCRemoteSwiftPackageReference section */
		786211BC2BC12BE0000AE22E /* XCRemoteSwiftPackageReference "SnapKit" */ = {
			isa = XCRemoteSwiftPackageReference;
			repositoryURL = "https://github.com/SnapKit/SnapKit.git";
			requirement = {
				kind = upToNextMajorVersion;
				minimumVersion = 5.7.1;
			};
		};
/* End XCRemoteSwiftPackageReference section */

/* Begin XCSwiftPackageProductDependency section */
		786211BD2BC12BE0000AE22E /* SnapKit */ = {
			isa = XCSwiftPackageProductDependency;
			package = 786211BC2BC12BE0000AE22E /* XCRemoteSwiftPackageReference "SnapKit" */;
			productName = SnapKit;
		};
		786211BF2BC12BE0000AE22E /* SnapKit-Dynamic */ = {
			isa = XCSwiftPackageProductDependency;
			package = 786211BC2BC12BE0000AE22E /* XCRemoteSwiftPackageReference "SnapKit" */;
			productName = "SnapKit-Dynamic";
		};
/* End XCSwiftPackageProductDependency section */
	};
	rootObject = 786211622BBABC98000AE22E /* Project object */;
}
